
Microsoft Visual Studio Solution File, Format Version 12.00
# Visual Studio 14
VisualStudioVersion = 14.0.25420.1
MinimumVisualStudioVersion = 10.0.40219.1
Project("{8BC9CEB8-8B4A-11D0-8D11-00A0C91BC942}") = "SetAndMap", "TestCplus\TestCplus.vcxproj", "{D06D0B0D-DD9F-4E77-B3ED-8506E93F2581}"
EndProject
Project("{8BC9CEB8-8B4A-11D0-8D11-00A0C91BC942}") = "Tuple", "Tuple\Tuple.vcxproj", "{B96847F0-8794-4CD3-B294-9DCDB7B5DD24}"
EndProject
Project("{8BC9CEB8-8B4A-11D0-8D11-00A0C91BC942}") = "Args_ellipsis", "Args_ellipsis\Args_ellipsis.vcxproj", "{83887CD5-192C-47FC-9B72-70A8938728D4}"
EndProject
Project("{8BC9CEB8-8B4A-11D0-8D11-00A0C91BC942}") = "struct_mapkey", "ConsoleApplication1\ConsoleApplication1.vcxproj", "{2940EAD7-083A-490C-B871-4464719A58E0}"
EndProject
Project("{8BC9CEB8-8B4A-11D0-8D11-00A0C91BC942}") = "address_memory", "ConsoleApplication2\ConsoleApplication2.vcxproj", "{82D51B3D-9BEC-41B5-8DC5-7A02B66BE254}"
EndProject
Project("{8BC9CEB8-8B4A-11D0-8D11-00A0C91BC942}") = "Keng", "ConsoleApplication3\ConsoleApplication3.vcxproj", "{92E616F1-608F-42D9-B2E2-7DA8BD373E9A}"
EndProject
Project("{8BC9CEB8-8B4A-11D0-8D11-00A0C91BC942}") = "emplace_back", "emplace_back\emplace_back.vcxproj", "{D883F434-1ECE-4032-B3C2-69012D071FED}"
EndProject
Project("{8BC9CEB8-8B4A-11D0-8D11-00A0C91BC942}") = "initializer_list", "initializer_list\initializer_list.vcxproj", "{3065CF0F-B410-401B-B6F0-CE9D7DF90B62}"
EndProject
Project("{8BC9CEB8-8B4A-11D0-8D11-00A0C91BC942}") = "remove_reference", "remove_reference\remove_reference.vcxproj", "{E3AEF355-44A7-4809-B7BE-420577B0DD7B}"
EndProject
Project("{8BC9CEB8-8B4A-11D0-8D11-00A0C91BC942}") = "forward", "forward\forward.vcxproj", "{2184A9F9-A239-41BC-827A-E26718B3B0C5}"
EndProject
Project("{8BC9CEB8-8B4A-11D0-8D11-00A0C91BC942}") = "lvalue_rvalue", "lvalue_rvalue\lvalue_rvalue.vcxproj", "{706E9FC2-0BEA-4EEF-BFFA-148A7FBFF816}"
EndProject
Project("{8BC9CEB8-8B4A-11D0-8D11-00A0C91BC942}") = "list", "list\list.vcxproj", "{4488BE76-1C63-48DE-BBBE-41CA19FC8E32}"
EndProject
Project("{8BC9CEB8-8B4A-11D0-8D11-00A0C91BC942}") = "va_list", "va_list\va_list.vcxproj", "{B6932A2C-22CD-4889-B262-4B82BEA9D286}"
EndProject
Project("{8BC9CEB8-8B4A-11D0-8D11-00A0C91BC942}") = "time", "time\time.vcxproj", "{47B1F9B0-4F08-43A7-8C6B-35C163C626A2}"
EndProject
Project("{8BC9CEB8-8B4A-11D0-8D11-00A0C91BC942}") = "lambda", "lambda\lambda.vcxproj", "{9ED32687-ABA7-49DD-9BE7-B312AD7DF9A8}"
EndProject
Project("{8BC9CEB8-8B4A-11D0-8D11-00A0C91BC942}") = "Register", "Register\Register.vcxproj", "{75BE5C54-30BA-4E4F-BEDE-EE3D0991A4DC}"
EndProject
Project("{8BC9CEB8-8B4A-11D0-8D11-00A0C91BC942}") = "Common", "Common\Common.vcxproj", "{3B63BB8A-B7AD-4982-9CE5-2311B107FDAB}"
EndProject
Project("{8BC9CEB8-8B4A-11D0-8D11-00A0C91BC942}") = "Stream", "Stream\Stream.vcxproj", "{6ADBD2F2-B34B-4871-AED4-998E60812F98}"
EndProject
Project("{8BC9CEB8-8B4A-11D0-8D11-00A0C91BC942}") = "delete", "delete\delete.vcxproj", "{3D916D11-2ADC-486D-B640-1095457DD430}"
EndProject
Project("{8BC9CEB8-8B4A-11D0-8D11-00A0C91BC942}") = "smartPointer", "smartPointer\smartPointer.vcxproj", "{2B611BFF-2972-4C7A-80DC-B5D9948EF790}"
EndProject
Project("{8BC9CEB8-8B4A-11D0-8D11-00A0C91BC942}") = "Memory", "Memory\Memory.vcxproj", "{AFE770F6-7EA9-4DB0-843A-1E1B8880E6E5}"
EndProject
Project("{8BC9CEB8-8B4A-11D0-8D11-00A0C91BC942}") = "Console_Thread", "Console_Thread\Console_Thread.vcxproj", "{67389551-58FE-4BAC-A750-EFF052341715}"
EndProject
Project("{8BC9CEB8-8B4A-11D0-8D11-00A0C91BC942}") = "multithread", "multithread\multithread.vcxproj", "{0FB46F1B-FC74-4559-9E36-E150FAAF5757}"
EndProject
Project("{8BC9CEB8-8B4A-11D0-8D11-00A0C91BC942}") = "Thread", "threadsafe\threadsafe.vcxproj", "{C502DD2C-133D-4CA4-9A57-F031B85BB2D1}"
EndProject
Project("{8BC9CEB8-8B4A-11D0-8D11-00A0C91BC942}") = "ConsoleApplication4", "ConsoleApplication4\ConsoleApplication4.vcxproj", "{B6FC2DAE-573F-4FA9-9E5D-A4E37D2C1889}"
EndProject
Global
	GlobalSection(SolutionConfigurationPlatforms) = preSolution
		Debug|x64 = Debug|x64
		Debug|x86 = Debug|x86
		Release|x64 = Release|x64
		Release|x86 = Release|x86
	EndGlobalSection
	GlobalSection(ProjectConfigurationPlatforms) = postSolution
		{D06D0B0D-DD9F-4E77-B3ED-8506E93F2581}.Debug|x64.ActiveCfg = Debug|x64
		{D06D0B0D-DD9F-4E77-B3ED-8506E93F2581}.Debug|x64.Build.0 = Debug|x64
		{D06D0B0D-DD9F-4E77-B3ED-8506E93F2581}.Debug|x86.ActiveCfg = Debug|Win32
		{D06D0B0D-DD9F-4E77-B3ED-8506E93F2581}.Debug|x86.Build.0 = Debug|Win32
		{D06D0B0D-DD9F-4E77-B3ED-8506E93F2581}.Release|x64.ActiveCfg = Release|x64
		{D06D0B0D-DD9F-4E77-B3ED-8506E93F2581}.Release|x64.Build.0 = Release|x64
		{D06D0B0D-DD9F-4E77-B3ED-8506E93F2581}.Release|x86.ActiveCfg = Release|Win32
		{D06D0B0D-DD9F-4E77-B3ED-8506E93F2581}.Release|x86.Build.0 = Release|Win32
		{B96847F0-8794-4CD3-B294-9DCDB7B5DD24}.Debug|x64.ActiveCfg = Debug|x64
		{B96847F0-8794-4CD3-B294-9DCDB7B5DD24}.Debug|x64.Build.0 = Debug|x64
		{B96847F0-8794-4CD3-B294-9DCDB7B5DD24}.Debug|x86.ActiveCfg = Debug|Win32
		{B96847F0-8794-4CD3-B294-9DCDB7B5DD24}.Debug|x86.Build.0 = Debug|Win32
		{B96847F0-8794-4CD3-B294-9DCDB7B5DD24}.Release|x64.ActiveCfg = Release|x64
		{B96847F0-8794-4CD3-B294-9DCDB7B5DD24}.Release|x64.Build.0 = Release|x64
		{B96847F0-8794-4CD3-B294-9DCDB7B5DD24}.Release|x86.ActiveCfg = Release|Win32
		{B96847F0-8794-4CD3-B294-9DCDB7B5DD24}.Release|x86.Build.0 = Release|Win32
		{83887CD5-192C-47FC-9B72-70A8938728D4}.Debug|x64.ActiveCfg = Debug|x64
		{83887CD5-192C-47FC-9B72-70A8938728D4}.Debug|x64.Build.0 = Debug|x64
		{83887CD5-192C-47FC-9B72-70A8938728D4}.Debug|x86.ActiveCfg = Debug|Win32
		{83887CD5-192C-47FC-9B72-70A8938728D4}.Debug|x86.Build.0 = Debug|Win32
		{83887CD5-192C-47FC-9B72-70A8938728D4}.Release|x64.ActiveCfg = Release|x64
		{83887CD5-192C-47FC-9B72-70A8938728D4}.Release|x64.Build.0 = Release|x64
		{83887CD5-192C-47FC-9B72-70A8938728D4}.Release|x86.ActiveCfg = Release|Win32
		{83887CD5-192C-47FC-9B72-70A8938728D4}.Release|x86.Build.0 = Release|Win32
		{2940EAD7-083A-490C-B871-4464719A58E0}.Debug|x64.ActiveCfg = Debug|x64
		{2940EAD7-083A-490C-B871-4464719A58E0}.Debug|x64.Build.0 = Debug|x64
		{2940EAD7-083A-490C-B871-4464719A58E0}.Debug|x86.ActiveCfg = Debug|Win32
		{2940EAD7-083A-490C-B871-4464719A58E0}.Debug|x86.Build.0 = Debug|Win32
		{2940EAD7-083A-490C-B871-4464719A58E0}.Release|x64.ActiveCfg = Release|x64
		{2940EAD7-083A-490C-B871-4464719A58E0}.Release|x64.Build.0 = Release|x64
		{2940EAD7-083A-490C-B871-4464719A58E0}.Release|x86.ActiveCfg = Release|Win32
		{2940EAD7-083A-490C-B871-4464719A58E0}.Release|x86.Build.0 = Release|Win32
		{82D51B3D-9BEC-41B5-8DC5-7A02B66BE254}.Debug|x64.ActiveCfg = Debug|x64
		{82D51B3D-9BEC-41B5-8DC5-7A02B66BE254}.Debug|x64.Build.0 = Debug|x64
		{82D51B3D-9BEC-41B5-8DC5-7A02B66BE254}.Debug|x86.ActiveCfg = Debug|Win32
		{82D51B3D-9BEC-41B5-8DC5-7A02B66BE254}.Debug|x86.Build.0 = Debug|Win32
		{82D51B3D-9BEC-41B5-8DC5-7A02B66BE254}.Release|x64.ActiveCfg = Release|x64
		{82D51B3D-9BEC-41B5-8DC5-7A02B66BE254}.Release|x64.Build.0 = Release|x64
		{82D51B3D-9BEC-41B5-8DC5-7A02B66BE254}.Release|x86.ActiveCfg = Release|Win32
		{82D51B3D-9BEC-41B5-8DC5-7A02B66BE254}.Release|x86.Build.0 = Release|Win32
		{92E616F1-608F-42D9-B2E2-7DA8BD373E9A}.Debug|x64.ActiveCfg = Debug|x64
		{92E616F1-608F-42D9-B2E2-7DA8BD373E9A}.Debug|x64.Build.0 = Debug|x64
		{92E616F1-608F-42D9-B2E2-7DA8BD373E9A}.Debug|x86.ActiveCfg = Debug|Win32
		{92E616F1-608F-42D9-B2E2-7DA8BD373E9A}.Debug|x86.Build.0 = Debug|Win32
		{92E616F1-608F-42D9-B2E2-7DA8BD373E9A}.Release|x64.ActiveCfg = Release|x64
		{92E616F1-608F-42D9-B2E2-7DA8BD373E9A}.Release|x64.Build.0 = Release|x64
		{92E616F1-608F-42D9-B2E2-7DA8BD373E9A}.Release|x86.ActiveCfg = Release|Win32
		{92E616F1-608F-42D9-B2E2-7DA8BD373E9A}.Release|x86.Build.0 = Release|Win32
		{D883F434-1ECE-4032-B3C2-69012D071FED}.Debug|x64.ActiveCfg = Debug|x64
		{D883F434-1ECE-4032-B3C2-69012D071FED}.Debug|x64.Build.0 = Debug|x64
		{D883F434-1ECE-4032-B3C2-69012D071FED}.Debug|x86.ActiveCfg = Debug|Win32
		{D883F434-1ECE-4032-B3C2-69012D071FED}.Debug|x86.Build.0 = Debug|Win32
		{D883F434-1ECE-4032-B3C2-69012D071FED}.Release|x64.ActiveCfg = Release|x64
		{D883F434-1ECE-4032-B3C2-69012D071FED}.Release|x64.Build.0 = Release|x64
		{D883F434-1ECE-4032-B3C2-69012D071FED}.Release|x86.ActiveCfg = Release|Win32
		{D883F434-1ECE-4032-B3C2-69012D071FED}.Release|x86.Build.0 = Release|Win32
		{3065CF0F-B410-401B-B6F0-CE9D7DF90B62}.Debug|x64.ActiveCfg = Debug|x64
		{3065CF0F-B410-401B-B6F0-CE9D7DF90B62}.Debug|x64.Build.0 = Debug|x64
		{3065CF0F-B410-401B-B6F0-CE9D7DF90B62}.Debug|x86.ActiveCfg = Debug|Win32
		{3065CF0F-B410-401B-B6F0-CE9D7DF90B62}.Debug|x86.Build.0 = Debug|Win32
		{3065CF0F-B410-401B-B6F0-CE9D7DF90B62}.Release|x64.ActiveCfg = Release|x64
		{3065CF0F-B410-401B-B6F0-CE9D7DF90B62}.Release|x64.Build.0 = Release|x64
		{3065CF0F-B410-401B-B6F0-CE9D7DF90B62}.Release|x86.ActiveCfg = Release|Win32
		{3065CF0F-B410-401B-B6F0-CE9D7DF90B62}.Release|x86.Build.0 = Release|Win32
		{E3AEF355-44A7-4809-B7BE-420577B0DD7B}.Debug|x64.ActiveCfg = Debug|x64
		{E3AEF355-44A7-4809-B7BE-420577B0DD7B}.Debug|x64.Build.0 = Debug|x64
		{E3AEF355-44A7-4809-B7BE-420577B0DD7B}.Debug|x86.ActiveCfg = Debug|Win32
		{E3AEF355-44A7-4809-B7BE-420577B0DD7B}.Debug|x86.Build.0 = Debug|Win32
		{E3AEF355-44A7-4809-B7BE-420577B0DD7B}.Release|x64.ActiveCfg = Release|x64
		{E3AEF355-44A7-4809-B7BE-420577B0DD7B}.Release|x64.Build.0 = Release|x64
		{E3AEF355-44A7-4809-B7BE-420577B0DD7B}.Release|x86.ActiveCfg = Release|Win32
		{E3AEF355-44A7-4809-B7BE-420577B0DD7B}.Release|x86.Build.0 = Release|Win32
		{2184A9F9-A239-41BC-827A-E26718B3B0C5}.Debug|x64.ActiveCfg = Debug|x64
		{2184A9F9-A239-41BC-827A-E26718B3B0C5}.Debug|x64.Build.0 = Debug|x64
		{2184A9F9-A239-41BC-827A-E26718B3B0C5}.Debug|x86.ActiveCfg = Debug|Win32
		{2184A9F9-A239-41BC-827A-E26718B3B0C5}.Debug|x86.Build.0 = Debug|Win32
		{2184A9F9-A239-41BC-827A-E26718B3B0C5}.Release|x64.ActiveCfg = Release|x64
		{2184A9F9-A239-41BC-827A-E26718B3B0C5}.Release|x64.Build.0 = Release|x64
		{2184A9F9-A239-41BC-827A-E26718B3B0C5}.Release|x86.ActiveCfg = Release|Win32
		{2184A9F9-A239-41BC-827A-E26718B3B0C5}.Release|x86.Build.0 = Release|Win32
		{706E9FC2-0BEA-4EEF-BFFA-148A7FBFF816}.Debug|x64.ActiveCfg = Debug|x64
		{706E9FC2-0BEA-4EEF-BFFA-148A7FBFF816}.Debug|x64.Build.0 = Debug|x64
		{706E9FC2-0BEA-4EEF-BFFA-148A7FBFF816}.Debug|x86.ActiveCfg = Debug|Win32
		{706E9FC2-0BEA-4EEF-BFFA-148A7FBFF816}.Debug|x86.Build.0 = Debug|Win32
		{706E9FC2-0BEA-4EEF-BFFA-148A7FBFF816}.Release|x64.ActiveCfg = Release|x64
		{706E9FC2-0BEA-4EEF-BFFA-148A7FBFF816}.Release|x64.Build.0 = Release|x64
		{706E9FC2-0BEA-4EEF-BFFA-148A7FBFF816}.Release|x86.ActiveCfg = Release|Win32
		{706E9FC2-0BEA-4EEF-BFFA-148A7FBFF816}.Release|x86.Build.0 = Release|Win32
		{4488BE76-1C63-48DE-BBBE-41CA19FC8E32}.Debug|x64.ActiveCfg = Debug|x64
		{4488BE76-1C63-48DE-BBBE-41CA19FC8E32}.Debug|x64.Build.0 = Debug|x64
		{4488BE76-1C63-48DE-BBBE-41CA19FC8E32}.Debug|x86.ActiveCfg = Debug|Win32
		{4488BE76-1C63-48DE-BBBE-41CA19FC8E32}.Debug|x86.Build.0 = Debug|Win32
		{4488BE76-1C63-48DE-BBBE-41CA19FC8E32}.Release|x64.ActiveCfg = Release|x64
		{4488BE76-1C63-48DE-BBBE-41CA19FC8E32}.Release|x64.Build.0 = Release|x64
		{4488BE76-1C63-48DE-BBBE-41CA19FC8E32}.Release|x86.ActiveCfg = Release|Win32
		{4488BE76-1C63-48DE-BBBE-41CA19FC8E32}.Release|x86.Build.0 = Release|Win32
		{B6932A2C-22CD-4889-B262-4B82BEA9D286}.Debug|x64.ActiveCfg = Debug|x64
		{B6932A2C-22CD-4889-B262-4B82BEA9D286}.Debug|x64.Build.0 = Debug|x64
		{B6932A2C-22CD-4889-B262-4B82BEA9D286}.Debug|x86.ActiveCfg = Debug|Win32
		{B6932A2C-22CD-4889-B262-4B82BEA9D286}.Debug|x86.Build.0 = Debug|Win32
		{B6932A2C-22CD-4889-B262-4B82BEA9D286}.Release|x64.ActiveCfg = Release|x64
		{B6932A2C-22CD-4889-B262-4B82BEA9D286}.Release|x64.Build.0 = Release|x64
		{B6932A2C-22CD-4889-B262-4B82BEA9D286}.Release|x86.ActiveCfg = Release|Win32
		{B6932A2C-22CD-4889-B262-4B82BEA9D286}.Release|x86.Build.0 = Release|Win32
		{47B1F9B0-4F08-43A7-8C6B-35C163C626A2}.Debug|x64.ActiveCfg = Debug|x64
		{47B1F9B0-4F08-43A7-8C6B-35C163C626A2}.Debug|x64.Build.0 = Debug|x64
		{47B1F9B0-4F08-43A7-8C6B-35C163C626A2}.Debug|x86.ActiveCfg = Debug|Win32
		{47B1F9B0-4F08-43A7-8C6B-35C163C626A2}.Debug|x86.Build.0 = Debug|Win32
		{47B1F9B0-4F08-43A7-8C6B-35C163C626A2}.Release|x64.ActiveCfg = Release|x64
		{47B1F9B0-4F08-43A7-8C6B-35C163C626A2}.Release|x64.Build.0 = Release|x64
		{47B1F9B0-4F08-43A7-8C6B-35C163C626A2}.Release|x86.ActiveCfg = Release|Win32
		{47B1F9B0-4F08-43A7-8C6B-35C163C626A2}.Release|x86.Build.0 = Release|Win32
		{9ED32687-ABA7-49DD-9BE7-B312AD7DF9A8}.Debug|x64.ActiveCfg = Debug|x64
		{9ED32687-ABA7-49DD-9BE7-B312AD7DF9A8}.Debug|x64.Build.0 = Debug|x64
		{9ED32687-ABA7-49DD-9BE7-B312AD7DF9A8}.Debug|x86.ActiveCfg = Debug|Win32
		{9ED32687-ABA7-49DD-9BE7-B312AD7DF9A8}.Debug|x86.Build.0 = Debug|Win32
		{9ED32687-ABA7-49DD-9BE7-B312AD7DF9A8}.Release|x64.ActiveCfg = Release|x64
		{9ED32687-ABA7-49DD-9BE7-B312AD7DF9A8}.Release|x64.Build.0 = Release|x64
		{9ED32687-ABA7-49DD-9BE7-B312AD7DF9A8}.Release|x86.ActiveCfg = Release|Win32
		{9ED32687-ABA7-49DD-9BE7-B312AD7DF9A8}.Release|x86.Build.0 = Release|Win32
		{75BE5C54-30BA-4E4F-BEDE-EE3D0991A4DC}.Debug|x64.ActiveCfg = Debug|x64
		{75BE5C54-30BA-4E4F-BEDE-EE3D0991A4DC}.Debug|x64.Build.0 = Debug|x64
		{75BE5C54-30BA-4E4F-BEDE-EE3D0991A4DC}.Debug|x86.ActiveCfg = Debug|Win32
		{75BE5C54-30BA-4E4F-BEDE-EE3D0991A4DC}.Debug|x86.Build.0 = Debug|Win32
		{75BE5C54-30BA-4E4F-BEDE-EE3D0991A4DC}.Release|x64.ActiveCfg = Release|x64
		{75BE5C54-30BA-4E4F-BEDE-EE3D0991A4DC}.Release|x64.Build.0 = Release|x64
		{75BE5C54-30BA-4E4F-BEDE-EE3D0991A4DC}.Release|x86.ActiveCfg = Release|Win32
		{75BE5C54-30BA-4E4F-BEDE-EE3D0991A4DC}.Release|x86.Build.0 = Release|Win32
		{3B63BB8A-B7AD-4982-9CE5-2311B107FDAB}.Debug|x64.ActiveCfg = Debug|x64
		{3B63BB8A-B7AD-4982-9CE5-2311B107FDAB}.Debug|x64.Build.0 = Debug|x64
		{3B63BB8A-B7AD-4982-9CE5-2311B107FDAB}.Debug|x86.ActiveCfg = Debug|Win32
		{3B63BB8A-B7AD-4982-9CE5-2311B107FDAB}.Debug|x86.Build.0 = Debug|Win32
		{3B63BB8A-B7AD-4982-9CE5-2311B107FDAB}.Release|x64.ActiveCfg = Release|x64
		{3B63BB8A-B7AD-4982-9CE5-2311B107FDAB}.Release|x64.Build.0 = Release|x64
		{3B63BB8A-B7AD-4982-9CE5-2311B107FDAB}.Release|x86.ActiveCfg = Release|Win32
		{3B63BB8A-B7AD-4982-9CE5-2311B107FDAB}.Release|x86.Build.0 = Release|Win32
		{6ADBD2F2-B34B-4871-AED4-998E60812F98}.Debug|x64.ActiveCfg = Debug|x64
		{6ADBD2F2-B34B-4871-AED4-998E60812F98}.Debug|x64.Build.0 = Debug|x64
		{6ADBD2F2-B34B-4871-AED4-998E60812F98}.Debug|x86.ActiveCfg = Debug|Win32
		{6ADBD2F2-B34B-4871-AED4-998E60812F98}.Debug|x86.Build.0 = Debug|Win32
		{6ADBD2F2-B34B-4871-AED4-998E60812F98}.Release|x64.ActiveCfg = Release|x64
		{6ADBD2F2-B34B-4871-AED4-998E60812F98}.Release|x64.Build.0 = Release|x64
		{6ADBD2F2-B34B-4871-AED4-998E60812F98}.Release|x86.ActiveCfg = Release|Win32
		{6ADBD2F2-B34B-4871-AED4-998E60812F98}.Release|x86.Build.0 = Release|Win32
		{3D916D11-2ADC-486D-B640-1095457DD430}.Debug|x64.ActiveCfg = Debug|x64
		{3D916D11-2ADC-486D-B640-1095457DD430}.Debug|x64.Build.0 = Debug|x64
		{3D916D11-2ADC-486D-B640-1095457DD430}.Debug|x86.ActiveCfg = Debug|Win32
		{3D916D11-2ADC-486D-B640-1095457DD430}.Debug|x86.Build.0 = Debug|Win32
		{3D916D11-2ADC-486D-B640-1095457DD430}.Release|x64.ActiveCfg = Release|x64
		{3D916D11-2ADC-486D-B640-1095457DD430}.Release|x64.Build.0 = Release|x64
		{3D916D11-2ADC-486D-B640-1095457DD430}.Release|x86.ActiveCfg = Release|Win32
		{3D916D11-2ADC-486D-B640-1095457DD430}.Release|x86.Build.0 = Release|Win32
		{2B611BFF-2972-4C7A-80DC-B5D9948EF790}.Debug|x64.ActiveCfg = Debug|x64
		{2B611BFF-2972-4C7A-80DC-B5D9948EF790}.Debug|x64.Build.0 = Debug|x64
		{2B611BFF-2972-4C7A-80DC-B5D9948EF790}.Debug|x86.ActiveCfg = Debug|Win32
		{2B611BFF-2972-4C7A-80DC-B5D9948EF790}.Debug|x86.Build.0 = Debug|Win32
		{2B611BFF-2972-4C7A-80DC-B5D9948EF790}.Release|x64.ActiveCfg = Release|x64
		{2B611BFF-2972-4C7A-80DC-B5D9948EF790}.Release|x64.Build.0 = Release|x64
		{2B611BFF-2972-4C7A-80DC-B5D9948EF790}.Release|x86.ActiveCfg = Release|Win32
		{2B611BFF-2972-4C7A-80DC-B5D9948EF790}.Release|x86.Build.0 = Release|Win32
		{AFE770F6-7EA9-4DB0-843A-1E1B8880E6E5}.Debug|x64.ActiveCfg = Debug|x64
		{AFE770F6-7EA9-4DB0-843A-1E1B8880E6E5}.Debug|x64.Build.0 = Debug|x64
		{AFE770F6-7EA9-4DB0-843A-1E1B8880E6E5}.Debug|x86.ActiveCfg = Debug|Win32
		{AFE770F6-7EA9-4DB0-843A-1E1B8880E6E5}.Debug|x86.Build.0 = Debug|Win32
		{AFE770F6-7EA9-4DB0-843A-1E1B8880E6E5}.Release|x64.ActiveCfg = Release|x64
		{AFE770F6-7EA9-4DB0-843A-1E1B8880E6E5}.Release|x64.Build.0 = Release|x64
		{AFE770F6-7EA9-4DB0-843A-1E1B8880E6E5}.Release|x86.ActiveCfg = Release|Win32
		{AFE770F6-7EA9-4DB0-843A-1E1B8880E6E5}.Release|x86.Build.0 = Release|Win32
		{67389551-58FE-4BAC-A750-EFF052341715}.Debug|x64.ActiveCfg = Debug|x64
		{67389551-58FE-4BAC-A750-EFF052341715}.Debug|x64.Build.0 = Debug|x64
		{67389551-58FE-4BAC-A750-EFF052341715}.Debug|x86.ActiveCfg = Debug|Win32
		{67389551-58FE-4BAC-A750-EFF052341715}.Debug|x86.Build.0 = Debug|Win32
		{67389551-58FE-4BAC-A750-EFF052341715}.Release|x64.ActiveCfg = Release|x64
		{67389551-58FE-4BAC-A750-EFF052341715}.Release|x64.Build.0 = Release|x64
		{67389551-58FE-4BAC-A750-EFF052341715}.Release|x86.ActiveCfg = Release|Win32
		{67389551-58FE-4BAC-A750-EFF052341715}.Release|x86.Build.0 = Release|Win32
		{0FB46F1B-FC74-4559-9E36-E150FAAF5757}.Debug|x64.ActiveCfg = Debug|x64
		{0FB46F1B-FC74-4559-9E36-E150FAAF5757}.Debug|x64.Build.0 = Debug|x64
		{0FB46F1B-FC74-4559-9E36-E150FAAF5757}.Debug|x86.ActiveCfg = Debug|Win32
		{0FB46F1B-FC74-4559-9E36-E150FAAF5757}.Debug|x86.Build.0 = Debug|Win32
		{0FB46F1B-FC74-4559-9E36-E150FAAF5757}.Release|x64.ActiveCfg = Release|x64
		{0FB46F1B-FC74-4559-9E36-E150FAAF5757}.Release|x64.Build.0 = Release|x64
		{0FB46F1B-FC74-4559-9E36-E150FAAF5757}.Release|x86.ActiveCfg = Release|Win32
		{0FB46F1B-FC74-4559-9E36-E150FAAF5757}.Release|x86.Build.0 = Release|Win32
		{C502DD2C-133D-4CA4-9A57-F031B85BB2D1}.Debug|x64.ActiveCfg = Debug|x64
		{C502DD2C-133D-4CA4-9A57-F031B85BB2D1}.Debug|x64.Build.0 = Debug|x64
		{C502DD2C-133D-4CA4-9A57-F031B85BB2D1}.Debug|x86.ActiveCfg = Debug|Win32
		{C502DD2C-133D-4CA4-9A57-F031B85BB2D1}.Debug|x86.Build.0 = Debug|Win32
		{C502DD2C-133D-4CA4-9A57-F031B85BB2D1}.Release|x64.ActiveCfg = Release|x64
		{C502DD2C-133D-4CA4-9A57-F031B85BB2D1}.Release|x64.Build.0 = Release|x64
		{C502DD2C-133D-4CA4-9A57-F031B85BB2D1}.Release|x86.ActiveCfg = Release|Win32
		{C502DD2C-133D-4CA4-9A57-F031B85BB2D1}.Release|x86.Build.0 = Release|Win32
		{B6FC2DAE-573F-4FA9-9E5D-A4E37D2C1889}.Debug|x64.ActiveCfg = Debug|x64
		{B6FC2DAE-573F-4FA9-9E5D-A4E37D2C1889}.Debug|x64.Build.0 = Debug|x64
		{B6FC2DAE-573F-4FA9-9E5D-A4E37D2C1889}.Debug|x86.ActiveCfg = Debug|Win32
		{B6FC2DAE-573F-4FA9-9E5D-A4E37D2C1889}.Debug|x86.Build.0 = Debug|Win32
		{B6FC2DAE-573F-4FA9-9E5D-A4E37D2C1889}.Release|x64.ActiveCfg = Release|x64
		{B6FC2DAE-573F-4FA9-9E5D-A4E37D2C1889}.Release|x64.Build.0 = Release|x64
		{B6FC2DAE-573F-4FA9-9E5D-A4E37D2C1889}.Release|x86.ActiveCfg = Release|Win32
		{B6FC2DAE-573F-4FA9-9E5D-A4E37D2C1889}.Release|x86.Build.0 = Release|Win32
	EndGlobalSection
	GlobalSection(SolutionProperties) = preSolution
		HideSolutionNode = FALSE
	EndGlobalSection
EndGlobal
