<?xml version="1.0" encoding="utf-8"?>
<Project ToolsVersion="4.0" xmlns="http://schemas.microsoft.com/developer/msbuild/2003">
  <ItemGroup>
    <Filter Include="源文件">
      <UniqueIdentifier>{4FC737F1-C7A5-4376-A066-2A32D752A2FF}</UniqueIdentifier>
      <Extensions>cpp;c;cc;cxx;def;odl;idl;hpj;bat;asm;asmx</Extensions>
    </Filter>
    <Filter Include="头文件">
      <UniqueIdentifier>{93995380-89BD-4b04-88EB-625FBE52EBFB}</UniqueIdentifier>
      <Extensions>h;hh;hpp;hxx;hm;inl;inc;xsd</Extensions>
    </Filter>
    <Filter Include="资源文件">
      <UniqueIdentifier>{67DA6AB6-F800-4c08-8B7A-83BB121AAD01}</UniqueIdentifier>
      <Extensions>rc;ico;cur;bmp;dlg;rc2;rct;bin;rgs;gif;jpg;jpeg;jpe;resx;tiff;tif;png;wav;mfcribbon-ms</Extensions>
    </Filter>
  </ItemGroup>
  <ItemGroup>
    <Text Include="ReadMe.txt" />
  </ItemGroup>
  <ItemGroup>
    <ClInclude Include="stdafx.h">
      <Filter>头文件</Filter>
    </ClInclude>
    <ClInclude Include="targetver.h">
      <Filter>头文件</Filter>
    </ClInclude>
    <ClInclude Include="key_wav.h">
      <Filter>头文件</Filter>
    </ClInclude>
    <ClInclude Include="resource.h">
      <Filter>头文件</Filter>
    </ClInclude>
  </ItemGroup>
  <ItemGroup>
    <ClCompile Include="stdafx.cpp">
      <Filter>源文件</Filter>
    </ClCompile>
    <ClCompile Include="TestWav.cpp">
      <Filter>源文件</Filter>
    </ClCompile>
    <ClCompile Include="key_wav.cpp">
      <Filter>源文件</Filter>
    </ClCompile>
    <ClCompile Include="Beep.cpp">
      <Filter>源文件</Filter>
    </ClCompile>
  </ItemGroup>
  <ItemGroup>
    <ResourceCompile Include="TestWav.rc">
      <Filter>资源文件</Filter>
    </ResourceCompile>
  </ItemGroup>
  <ItemGroup>
    <Media Include="res\1.wav">
      <Filter>资源文件</Filter>
    </Media>
    <Media Include="res\2.wav">
      <Filter>资源文件</Filter>
    </Media>
    <Media Include="res\3.wav">
      <Filter>资源文件</Filter>
    </Media>
    <Media Include="res\4.wav">
      <Filter>资源文件</Filter>
    </Media>
    <Media Include="res\5.wav">
      <Filter>资源文件</Filter>
    </Media>
    <Media Include="res\6.wav">
      <Filter>资源文件</Filter>
    </Media>
    <Media Include="res\7.wav">
      <Filter>资源文件</Filter>
    </Media>
    <Media Include="res\8.wav">
      <Filter>资源文件</Filter>
    </Media>
    <Media Include="res\9.wav">
      <Filter>资源文件</Filter>
    </Media>
    <Media Include="res\10.wav">
      <Filter>资源文件</Filter>
    </Media>
    <Media Include="res\11.wav">
      <Filter>资源文件</Filter>
    </Media>
    <Media Include="res\12.wav">
      <Filter>资源文件</Filter>
    </Media>
    <Media Include="res\13.wav">
      <Filter>资源文件</Filter>
    </Media>
    <Media Include="res\14.wav">
      <Filter>资源文件</Filter>
    </Media>
    <Media Include="res\15.wav">
      <Filter>资源文件</Filter>
    </Media>
    <Media Include="res\16.wav">
      <Filter>资源文件</Filter>
    </Media>
    <Media Include="res\17.wav">
      <Filter>资源文件</Filter>
    </Media>
    <Media Include="res\18.wav">
      <Filter>资源文件</Filter>
    </Media>
    <Media Include="res\19.wav">
      <Filter>资源文件</Filter>
    </Media>
    <Media Include="res\20.wav">
      <Filter>资源文件</Filter>
    </Media>
    <Media Include="res\21.wav">
      <Filter>资源文件</Filter>
    </Media>
    <Media Include="res\22.wav">
      <Filter>资源文件</Filter>
    </Media>
    <Media Include="res\23.wav">
      <Filter>资源文件</Filter>
    </Media>
    <Media Include="res\24.wav">
      <Filter>资源文件</Filter>
    </Media>
    <Media Include="res\25.wav">
      <Filter>资源文件</Filter>
    </Media>
    <Media Include="res\26.wav">
      <Filter>资源文件</Filter>
    </Media>
    <Media Include="res\27.wav">
      <Filter>资源文件</Filter>
    </Media>
    <Media Include="res\28.wav">
      <Filter>资源文件</Filter>
    </Media>
    <Media Include="res\29.wav">
      <Filter>资源文件</Filter>
    </Media>
    <Media Include="res\30.wav">
      <Filter>资源文件</Filter>
    </Media>
    <Media Include="res\31.wav">
      <Filter>资源文件</Filter>
    </Media>
    <Media Include="res\32.wav">
      <Filter>资源文件</Filter>
    </Media>
    <Media Include="res\33.wav">
      <Filter>资源文件</Filter>
    </Media>
    <Media Include="res\34.wav">
      <Filter>资源文件</Filter>
    </Media>
    <Media Include="res\35.wav">
      <Filter>资源文件</Filter>
    </Media>
    <Media Include="res\36.wav">
      <Filter>资源文件</Filter>
    </Media>
    <Media Include="res\37.wav">
      <Filter>资源文件</Filter>
    </Media>
    <Media Include="res\38.wav">
      <Filter>资源文件</Filter>
    </Media>
    <Media Include="res\39.wav">
      <Filter>资源文件</Filter>
    </Media>
    <Media Include="res\40.wav">
      <Filter>资源文件</Filter>
    </Media>
    <Media Include="res\41.wav">
      <Filter>资源文件</Filter>
    </Media>
    <Media Include="res\42.wav">
      <Filter>资源文件</Filter>
    </Media>
    <Media Include="res\43.wav">
      <Filter>资源文件</Filter>
    </Media>
    <Media Include="res\44.wav">
      <Filter>资源文件</Filter>
    </Media>
    <Media Include="res\45.wav">
      <Filter>资源文件</Filter>
    </Media>
    <Media Include="res\46.wav">
      <Filter>资源文件</Filter>
    </Media>
    <Media Include="res\47.wav">
      <Filter>资源文件</Filter>
    </Media>
    <Media Include="res\48.wav">
      <Filter>资源文件</Filter>
    </Media>
    <Media Include="res\49.wav">
      <Filter>资源文件</Filter>
    </Media>
    <Media Include="res\50.wav">
      <Filter>资源文件</Filter>
    </Media>
    <Media Include="res\51.wav">
      <Filter>资源文件</Filter>
    </Media>
    <Media Include="res\52.wav">
      <Filter>资源文件</Filter>
    </Media>
    <Media Include="res\53.wav">
      <Filter>资源文件</Filter>
    </Media>
    <Media Include="res\54.wav">
      <Filter>资源文件</Filter>
    </Media>
    <Media Include="res\55.wav">
      <Filter>资源文件</Filter>
    </Media>
    <Media Include="res\56.wav">
      <Filter>资源文件</Filter>
    </Media>
    <Media Include="res\57.wav">
      <Filter>资源文件</Filter>
    </Media>
    <Media Include="res\58.wav">
      <Filter>资源文件</Filter>
    </Media>
    <Media Include="res\59.wav">
      <Filter>资源文件</Filter>
    </Media>
    <Media Include="res\60.wav">
      <Filter>资源文件</Filter>
    </Media>
    <Media Include="res\61.wav">
      <Filter>资源文件</Filter>
    </Media>
    <Media Include="res\62.wav">
      <Filter>资源文件</Filter>
    </Media>
    <Media Include="res\63.wav">
      <Filter>资源文件</Filter>
    </Media>
    <Media Include="res\64.wav">
      <Filter>资源文件</Filter>
    </Media>
    <Media Include="res\65.wav">
      <Filter>资源文件</Filter>
    </Media>
    <Media Include="res\66.wav">
      <Filter>资源文件</Filter>
    </Media>
    <Media Include="res\67.wav">
      <Filter>资源文件</Filter>
    </Media>
    <Media Include="res\68.wav">
      <Filter>资源文件</Filter>
    </Media>
    <Media Include="res\69.wav">
      <Filter>资源文件</Filter>
    </Media>
    <Media Include="res\70.wav">
      <Filter>资源文件</Filter>
    </Media>
    <Media Include="res\71.wav">
      <Filter>资源文件</Filter>
    </Media>
    <Media Include="res\72.wav">
      <Filter>资源文件</Filter>
    </Media>
    <Media Include="res\73.wav">
      <Filter>资源文件</Filter>
    </Media>
    <Media Include="res\74.wav">
      <Filter>资源文件</Filter>
    </Media>
    <Media Include="res\75.wav">
      <Filter>资源文件</Filter>
    </Media>
    <Media Include="res\76.wav">
      <Filter>资源文件</Filter>
    </Media>
    <Media Include="res\77.wav">
      <Filter>资源文件</Filter>
    </Media>
    <Media Include="res\78.wav">
      <Filter>资源文件</Filter>
    </Media>
    <Media Include="res\79.wav">
      <Filter>资源文件</Filter>
    </Media>
    <Media Include="res\80.wav">
      <Filter>资源文件</Filter>
    </Media>
    <Media Include="res\81.wav">
      <Filter>资源文件</Filter>
    </Media>
    <Media Include="res\82.wav">
      <Filter>资源文件</Filter>
    </Media>
    <Media Include="res\83.wav">
      <Filter>资源文件</Filter>
    </Media>
    <Media Include="res\84.wav">
      <Filter>资源文件</Filter>
    </Media>
    <Media Include="res\85.wav">
      <Filter>资源文件</Filter>
    </Media>
    <Media Include="res\86.wav">
      <Filter>资源文件</Filter>
    </Media>
    <Media Include="res\87.wav">
      <Filter>资源文件</Filter>
    </Media>
    <Media Include="res\88.wav">
      <Filter>资源文件</Filter>
    </Media>
  </ItemGroup>
</Project>