
Microsoft Visual Studio Solution File, Format Version 12.00
# Visual Studio 14
VisualStudioVersion = 14.0.25420.1
MinimumVisualStudioVersion = 10.0.40219.1
Project("{8BC9CEB8-8B4A-11D0-8D11-00A0C91BC942}") = "shMemoryServer", "shMemoryServer\shMemoryServer.vcxproj", "{2306B54C-6A82-4F17-B6CC-2E8ADE2DA0F1}"
EndProject
Project("{8BC9CEB8-8B4A-11D0-8D11-00A0C91BC942}") = "shMemoryClient", "shMemoryClient\shMemoryClient.vcxproj", "{CA965E22-705A-4B44-8319-4623F7CBC2E5}"
EndProject
Project("{8BC9CEB8-8B4A-11D0-8D11-00A0C91BC942}") = "TestSharePtr", "TestSharePtr\TestSharePtr.vcxproj", "{DA85FDF3-EEFC-40A8-A5E1-800BE18D6E53}"
EndProject
Project("{8BC9CEB8-8B4A-11D0-8D11-00A0C91BC942}") = "TestWav", "TestWav\TestWav.vcxproj", "{7E01C34A-F165-40C1-97CA-B9753C81BBEE}"
EndProject
Project("{8BC9CEB8-8B4A-11D0-8D11-00A0C91BC942}") = "TestUniquePtr", "TestUniquePtr\TestUniquePtr.vcxproj", "{E367DA1A-29E1-4375-877B-09733F1A229C}"
EndProject
Project("{8BC9CEB8-8B4A-11D0-8D11-00A0C91BC942}") = "TestRobot", "TestRb1\TestRb1.vcxproj", "{FD6E3353-6E35-4E4F-A98A-6FF3A7405C68}"
EndProject
Project("{8BC9CEB8-8B4A-11D0-8D11-00A0C91BC942}") = "xlstolua", "xlstolua\xlstolua.vcxproj", "{8D0F1917-8CB3-408E-81DD-7F431542FCB8}"
EndProject
Project("{8BC9CEB8-8B4A-11D0-8D11-00A0C91BC942}") = "lua_call_dll", "lua_call_dll\lua_call_dll.vcxproj", "{F362F613-4352-4B12-B889-339D9E3C4755}"
EndProject
Project("{8BC9CEB8-8B4A-11D0-8D11-00A0C91BC942}") = "usemydll", "usemydll\usemydll.vcxproj", "{FCB15BC6-00ED-4E49-881E-81D59F5AE5F5}"
EndProject
Project("{8BC9CEB8-8B4A-11D0-8D11-00A0C91BC942}") = "mydll", "mydll\mydll.vcxproj", "{606679BE-D8AB-4FF9-8A9E-3A5BEB6AF0B6}"
EndProject
Project("{8BC9CEB8-8B4A-11D0-8D11-00A0C91BC942}") = "mycdll", "mycdll\mycdll.vcxproj", "{0B787939-A07C-4BD8-8067-659B49D820D6}"
EndProject
Project("{8BC9CEB8-8B4A-11D0-8D11-00A0C91BC942}") = "TestReflection", "TestReflection\TestReflection.vcxproj", "{805665CB-5D76-4EA6-ACD5-8543E8BEABEA}"
EndProject
Project("{8BC9CEB8-8B4A-11D0-8D11-00A0C91BC942}") = "TestFile", "TestFile\TestFile.vcxproj", "{19CEA97B-7711-4A8E-B5C2-2BCF868E62A6}"
EndProject
Project("{8BC9CEB8-8B4A-11D0-8D11-00A0C91BC942}") = "extern", "extern\extern.vcxproj", "{2D088620-D955-4BDE-A313-F0EC7341FCDB}"
EndProject
Project("{8BC9CEB8-8B4A-11D0-8D11-00A0C91BC942}") = "TestDebug", "TestDebug\TestDebug.vcxproj", "{7B211271-5064-4CE9-92F8-D6F7F88C564B}"
EndProject
Project("{8BC9CEB8-8B4A-11D0-8D11-00A0C91BC942}") = "time", "time\time.vcxproj", "{47B1F9B0-4F08-43A7-8C6B-35C163C626A2}"
EndProject
Project("{8BC9CEB8-8B4A-11D0-8D11-00A0C91BC942}") = "Misc", "Misc\Misc.vcxproj", "{5C986E60-1B0B-4623-94F6-DA13D33FFA43}"
EndProject
Global
	GlobalSection(SolutionConfigurationPlatforms) = preSolution
		Debug|x64 = Debug|x64
		Debug|x86 = Debug|x86
		Release|x64 = Release|x64
		Release|x86 = Release|x86
	EndGlobalSection
	GlobalSection(ProjectConfigurationPlatforms) = postSolution
		{2306B54C-6A82-4F17-B6CC-2E8ADE2DA0F1}.Debug|x64.ActiveCfg = Debug|x64
		{2306B54C-6A82-4F17-B6CC-2E8ADE2DA0F1}.Debug|x64.Build.0 = Debug|x64
		{2306B54C-6A82-4F17-B6CC-2E8ADE2DA0F1}.Debug|x86.ActiveCfg = Debug|Win32
		{2306B54C-6A82-4F17-B6CC-2E8ADE2DA0F1}.Debug|x86.Build.0 = Debug|Win32
		{2306B54C-6A82-4F17-B6CC-2E8ADE2DA0F1}.Release|x64.ActiveCfg = Release|x64
		{2306B54C-6A82-4F17-B6CC-2E8ADE2DA0F1}.Release|x64.Build.0 = Release|x64
		{2306B54C-6A82-4F17-B6CC-2E8ADE2DA0F1}.Release|x86.ActiveCfg = Release|Win32
		{2306B54C-6A82-4F17-B6CC-2E8ADE2DA0F1}.Release|x86.Build.0 = Release|Win32
		{CA965E22-705A-4B44-8319-4623F7CBC2E5}.Debug|x64.ActiveCfg = Debug|x64
		{CA965E22-705A-4B44-8319-4623F7CBC2E5}.Debug|x64.Build.0 = Debug|x64
		{CA965E22-705A-4B44-8319-4623F7CBC2E5}.Debug|x86.ActiveCfg = Debug|Win32
		{CA965E22-705A-4B44-8319-4623F7CBC2E5}.Debug|x86.Build.0 = Debug|Win32
		{CA965E22-705A-4B44-8319-4623F7CBC2E5}.Release|x64.ActiveCfg = Release|x64
		{CA965E22-705A-4B44-8319-4623F7CBC2E5}.Release|x64.Build.0 = Release|x64
		{CA965E22-705A-4B44-8319-4623F7CBC2E5}.Release|x86.ActiveCfg = Release|Win32
		{CA965E22-705A-4B44-8319-4623F7CBC2E5}.Release|x86.Build.0 = Release|Win32
		{DA85FDF3-EEFC-40A8-A5E1-800BE18D6E53}.Debug|x64.ActiveCfg = Debug|x64
		{DA85FDF3-EEFC-40A8-A5E1-800BE18D6E53}.Debug|x64.Build.0 = Debug|x64
		{DA85FDF3-EEFC-40A8-A5E1-800BE18D6E53}.Debug|x86.ActiveCfg = Debug|Win32
		{DA85FDF3-EEFC-40A8-A5E1-800BE18D6E53}.Debug|x86.Build.0 = Debug|Win32
		{DA85FDF3-EEFC-40A8-A5E1-800BE18D6E53}.Release|x64.ActiveCfg = Release|x64
		{DA85FDF3-EEFC-40A8-A5E1-800BE18D6E53}.Release|x64.Build.0 = Release|x64
		{DA85FDF3-EEFC-40A8-A5E1-800BE18D6E53}.Release|x86.ActiveCfg = Release|Win32
		{DA85FDF3-EEFC-40A8-A5E1-800BE18D6E53}.Release|x86.Build.0 = Release|Win32
		{7E01C34A-F165-40C1-97CA-B9753C81BBEE}.Debug|x64.ActiveCfg = Debug|x64
		{7E01C34A-F165-40C1-97CA-B9753C81BBEE}.Debug|x64.Build.0 = Debug|x64
		{7E01C34A-F165-40C1-97CA-B9753C81BBEE}.Debug|x86.ActiveCfg = Debug|Win32
		{7E01C34A-F165-40C1-97CA-B9753C81BBEE}.Debug|x86.Build.0 = Debug|Win32
		{7E01C34A-F165-40C1-97CA-B9753C81BBEE}.Release|x64.ActiveCfg = Release|x64
		{7E01C34A-F165-40C1-97CA-B9753C81BBEE}.Release|x64.Build.0 = Release|x64
		{7E01C34A-F165-40C1-97CA-B9753C81BBEE}.Release|x86.ActiveCfg = Release|Win32
		{7E01C34A-F165-40C1-97CA-B9753C81BBEE}.Release|x86.Build.0 = Release|Win32
		{E367DA1A-29E1-4375-877B-09733F1A229C}.Debug|x64.ActiveCfg = Debug|x64
		{E367DA1A-29E1-4375-877B-09733F1A229C}.Debug|x64.Build.0 = Debug|x64
		{E367DA1A-29E1-4375-877B-09733F1A229C}.Debug|x86.ActiveCfg = Debug|Win32
		{E367DA1A-29E1-4375-877B-09733F1A229C}.Debug|x86.Build.0 = Debug|Win32
		{E367DA1A-29E1-4375-877B-09733F1A229C}.Release|x64.ActiveCfg = Release|x64
		{E367DA1A-29E1-4375-877B-09733F1A229C}.Release|x64.Build.0 = Release|x64
		{E367DA1A-29E1-4375-877B-09733F1A229C}.Release|x86.ActiveCfg = Release|Win32
		{E367DA1A-29E1-4375-877B-09733F1A229C}.Release|x86.Build.0 = Release|Win32
		{FD6E3353-6E35-4E4F-A98A-6FF3A7405C68}.Debug|x64.ActiveCfg = Debug|x64
		{FD6E3353-6E35-4E4F-A98A-6FF3A7405C68}.Debug|x64.Build.0 = Debug|x64
		{FD6E3353-6E35-4E4F-A98A-6FF3A7405C68}.Debug|x86.ActiveCfg = Debug|Win32
		{FD6E3353-6E35-4E4F-A98A-6FF3A7405C68}.Debug|x86.Build.0 = Debug|Win32
		{FD6E3353-6E35-4E4F-A98A-6FF3A7405C68}.Release|x64.ActiveCfg = Release|x64
		{FD6E3353-6E35-4E4F-A98A-6FF3A7405C68}.Release|x64.Build.0 = Release|x64
		{FD6E3353-6E35-4E4F-A98A-6FF3A7405C68}.Release|x86.ActiveCfg = Release|Win32
		{FD6E3353-6E35-4E4F-A98A-6FF3A7405C68}.Release|x86.Build.0 = Release|Win32
		{8D0F1917-8CB3-408E-81DD-7F431542FCB8}.Debug|x64.ActiveCfg = Debug|x64
		{8D0F1917-8CB3-408E-81DD-7F431542FCB8}.Debug|x64.Build.0 = Debug|x64
		{8D0F1917-8CB3-408E-81DD-7F431542FCB8}.Debug|x86.ActiveCfg = Debug|Win32
		{8D0F1917-8CB3-408E-81DD-7F431542FCB8}.Debug|x86.Build.0 = Debug|Win32
		{8D0F1917-8CB3-408E-81DD-7F431542FCB8}.Release|x64.ActiveCfg = Release|x64
		{8D0F1917-8CB3-408E-81DD-7F431542FCB8}.Release|x64.Build.0 = Release|x64
		{8D0F1917-8CB3-408E-81DD-7F431542FCB8}.Release|x86.ActiveCfg = Release|Win32
		{8D0F1917-8CB3-408E-81DD-7F431542FCB8}.Release|x86.Build.0 = Release|Win32
		{F362F613-4352-4B12-B889-339D9E3C4755}.Debug|x64.ActiveCfg = Debug|x64
		{F362F613-4352-4B12-B889-339D9E3C4755}.Debug|x64.Build.0 = Debug|x64
		{F362F613-4352-4B12-B889-339D9E3C4755}.Debug|x86.ActiveCfg = Debug|Win32
		{F362F613-4352-4B12-B889-339D9E3C4755}.Debug|x86.Build.0 = Debug|Win32
		{F362F613-4352-4B12-B889-339D9E3C4755}.Release|x64.ActiveCfg = Release|x64
		{F362F613-4352-4B12-B889-339D9E3C4755}.Release|x64.Build.0 = Release|x64
		{F362F613-4352-4B12-B889-339D9E3C4755}.Release|x86.ActiveCfg = Release|Win32
		{F362F613-4352-4B12-B889-339D9E3C4755}.Release|x86.Build.0 = Release|Win32
		{FCB15BC6-00ED-4E49-881E-81D59F5AE5F5}.Debug|x64.ActiveCfg = Debug|x64
		{FCB15BC6-00ED-4E49-881E-81D59F5AE5F5}.Debug|x64.Build.0 = Debug|x64
		{FCB15BC6-00ED-4E49-881E-81D59F5AE5F5}.Debug|x86.ActiveCfg = Debug|Win32
		{FCB15BC6-00ED-4E49-881E-81D59F5AE5F5}.Debug|x86.Build.0 = Debug|Win32
		{FCB15BC6-00ED-4E49-881E-81D59F5AE5F5}.Release|x64.ActiveCfg = Release|x64
		{FCB15BC6-00ED-4E49-881E-81D59F5AE5F5}.Release|x64.Build.0 = Release|x64
		{FCB15BC6-00ED-4E49-881E-81D59F5AE5F5}.Release|x86.ActiveCfg = Release|Win32
		{FCB15BC6-00ED-4E49-881E-81D59F5AE5F5}.Release|x86.Build.0 = Release|Win32
		{606679BE-D8AB-4FF9-8A9E-3A5BEB6AF0B6}.Debug|x64.ActiveCfg = Debug|x64
		{606679BE-D8AB-4FF9-8A9E-3A5BEB6AF0B6}.Debug|x64.Build.0 = Debug|x64
		{606679BE-D8AB-4FF9-8A9E-3A5BEB6AF0B6}.Debug|x86.ActiveCfg = Debug|Win32
		{606679BE-D8AB-4FF9-8A9E-3A5BEB6AF0B6}.Debug|x86.Build.0 = Debug|Win32
		{606679BE-D8AB-4FF9-8A9E-3A5BEB6AF0B6}.Release|x64.ActiveCfg = Release|x64
		{606679BE-D8AB-4FF9-8A9E-3A5BEB6AF0B6}.Release|x64.Build.0 = Release|x64
		{606679BE-D8AB-4FF9-8A9E-3A5BEB6AF0B6}.Release|x86.ActiveCfg = Release|Win32
		{606679BE-D8AB-4FF9-8A9E-3A5BEB6AF0B6}.Release|x86.Build.0 = Release|Win32
		{0B787939-A07C-4BD8-8067-659B49D820D6}.Debug|x64.ActiveCfg = Debug|x64
		{0B787939-A07C-4BD8-8067-659B49D820D6}.Debug|x64.Build.0 = Debug|x64
		{0B787939-A07C-4BD8-8067-659B49D820D6}.Debug|x86.ActiveCfg = Debug|Win32
		{0B787939-A07C-4BD8-8067-659B49D820D6}.Debug|x86.Build.0 = Debug|Win32
		{0B787939-A07C-4BD8-8067-659B49D820D6}.Release|x64.ActiveCfg = Release|x64
		{0B787939-A07C-4BD8-8067-659B49D820D6}.Release|x64.Build.0 = Release|x64
		{0B787939-A07C-4BD8-8067-659B49D820D6}.Release|x86.ActiveCfg = Release|Win32
		{0B787939-A07C-4BD8-8067-659B49D820D6}.Release|x86.Build.0 = Release|Win32
		{805665CB-5D76-4EA6-ACD5-8543E8BEABEA}.Debug|x64.ActiveCfg = Debug|x64
		{805665CB-5D76-4EA6-ACD5-8543E8BEABEA}.Debug|x64.Build.0 = Debug|x64
		{805665CB-5D76-4EA6-ACD5-8543E8BEABEA}.Debug|x86.ActiveCfg = Debug|Win32
		{805665CB-5D76-4EA6-ACD5-8543E8BEABEA}.Debug|x86.Build.0 = Debug|Win32
		{805665CB-5D76-4EA6-ACD5-8543E8BEABEA}.Release|x64.ActiveCfg = Release|x64
		{805665CB-5D76-4EA6-ACD5-8543E8BEABEA}.Release|x64.Build.0 = Release|x64
		{805665CB-5D76-4EA6-ACD5-8543E8BEABEA}.Release|x86.ActiveCfg = Release|Win32
		{805665CB-5D76-4EA6-ACD5-8543E8BEABEA}.Release|x86.Build.0 = Release|Win32
		{19CEA97B-7711-4A8E-B5C2-2BCF868E62A6}.Debug|x64.ActiveCfg = Debug|x64
		{19CEA97B-7711-4A8E-B5C2-2BCF868E62A6}.Debug|x64.Build.0 = Debug|x64
		{19CEA97B-7711-4A8E-B5C2-2BCF868E62A6}.Debug|x86.ActiveCfg = Debug|Win32
		{19CEA97B-7711-4A8E-B5C2-2BCF868E62A6}.Debug|x86.Build.0 = Debug|Win32
		{19CEA97B-7711-4A8E-B5C2-2BCF868E62A6}.Release|x64.ActiveCfg = Release|x64
		{19CEA97B-7711-4A8E-B5C2-2BCF868E62A6}.Release|x64.Build.0 = Release|x64
		{19CEA97B-7711-4A8E-B5C2-2BCF868E62A6}.Release|x86.ActiveCfg = Release|Win32
		{19CEA97B-7711-4A8E-B5C2-2BCF868E62A6}.Release|x86.Build.0 = Release|Win32
		{2D088620-D955-4BDE-A313-F0EC7341FCDB}.Debug|x64.ActiveCfg = Debug|x64
		{2D088620-D955-4BDE-A313-F0EC7341FCDB}.Debug|x64.Build.0 = Debug|x64
		{2D088620-D955-4BDE-A313-F0EC7341FCDB}.Debug|x86.ActiveCfg = Debug|Win32
		{2D088620-D955-4BDE-A313-F0EC7341FCDB}.Debug|x86.Build.0 = Debug|Win32
		{2D088620-D955-4BDE-A313-F0EC7341FCDB}.Release|x64.ActiveCfg = Release|x64
		{2D088620-D955-4BDE-A313-F0EC7341FCDB}.Release|x64.Build.0 = Release|x64
		{2D088620-D955-4BDE-A313-F0EC7341FCDB}.Release|x86.ActiveCfg = Release|Win32
		{2D088620-D955-4BDE-A313-F0EC7341FCDB}.Release|x86.Build.0 = Release|Win32
		{7B211271-5064-4CE9-92F8-D6F7F88C564B}.Debug|x64.ActiveCfg = Debug|x64
		{7B211271-5064-4CE9-92F8-D6F7F88C564B}.Debug|x64.Build.0 = Debug|x64
		{7B211271-5064-4CE9-92F8-D6F7F88C564B}.Debug|x86.ActiveCfg = Debug|Win32
		{7B211271-5064-4CE9-92F8-D6F7F88C564B}.Debug|x86.Build.0 = Debug|Win32
		{7B211271-5064-4CE9-92F8-D6F7F88C564B}.Release|x64.ActiveCfg = Release|x64
		{7B211271-5064-4CE9-92F8-D6F7F88C564B}.Release|x64.Build.0 = Release|x64
		{7B211271-5064-4CE9-92F8-D6F7F88C564B}.Release|x86.ActiveCfg = Release|Win32
		{7B211271-5064-4CE9-92F8-D6F7F88C564B}.Release|x86.Build.0 = Release|Win32
		{47B1F9B0-4F08-43A7-8C6B-35C163C626A2}.Debug|x64.ActiveCfg = Debug|x64
		{47B1F9B0-4F08-43A7-8C6B-35C163C626A2}.Debug|x64.Build.0 = Debug|x64
		{47B1F9B0-4F08-43A7-8C6B-35C163C626A2}.Debug|x86.ActiveCfg = Debug|Win32
		{47B1F9B0-4F08-43A7-8C6B-35C163C626A2}.Debug|x86.Build.0 = Debug|Win32
		{47B1F9B0-4F08-43A7-8C6B-35C163C626A2}.Release|x64.ActiveCfg = Release|x64
		{47B1F9B0-4F08-43A7-8C6B-35C163C626A2}.Release|x64.Build.0 = Release|x64
		{47B1F9B0-4F08-43A7-8C6B-35C163C626A2}.Release|x86.ActiveCfg = Release|Win32
		{47B1F9B0-4F08-43A7-8C6B-35C163C626A2}.Release|x86.Build.0 = Release|Win32
		{5C986E60-1B0B-4623-94F6-DA13D33FFA43}.Debug|x64.ActiveCfg = Debug|x64
		{5C986E60-1B0B-4623-94F6-DA13D33FFA43}.Debug|x64.Build.0 = Debug|x64
		{5C986E60-1B0B-4623-94F6-DA13D33FFA43}.Debug|x86.ActiveCfg = Debug|Win32
		{5C986E60-1B0B-4623-94F6-DA13D33FFA43}.Debug|x86.Build.0 = Debug|Win32
		{5C986E60-1B0B-4623-94F6-DA13D33FFA43}.Release|x64.ActiveCfg = Release|x64
		{5C986E60-1B0B-4623-94F6-DA13D33FFA43}.Release|x64.Build.0 = Release|x64
		{5C986E60-1B0B-4623-94F6-DA13D33FFA43}.Release|x86.ActiveCfg = Release|Win32
		{5C986E60-1B0B-4623-94F6-DA13D33FFA43}.Release|x86.Build.0 = Release|Win32
	EndGlobalSection
	GlobalSection(SolutionProperties) = preSolution
		HideSolutionNode = FALSE
	EndGlobalSection
EndGlobal
